{
  "name": "speeds-cli",
  "version": "1.0.0",
  "lockfileVersion": 1,
  "requires": true,
  "dependencies": {
    "@types/color-name": {
      "version": "1.1.1",
      "resolved": "https://registry.npm.taobao.org/@types/color-name/download/@types/color-name-1.1.1.tgz",
      "integrity": "sha1-HBJhu+qhCoBVu8XYq4S3sq/IRqA="
    },
    "ansi-align": {
      "version": "3.0.0",
      "resolved": "http://registry.npm.taobao.org/ansi-align/download/ansi-align-3.0.0.tgz",
      "integrity": "sha1-tTazcc9ofKrvI2wY0+If43l0Z8s=",
      "requires": {
        "string-width": "^3.0.0"
      },
      "dependencies": {
        "ansi-regex": {
          "version": "4.1.0",
          "resolved": "https://registry.npm.taobao.org/ansi-regex/download/ansi-regex-4.1.0.tgz",
          "integrity": "sha1-i5+PCM8ay4Q3Vqg5yox+MWjFGZc="
        },
        "emoji-regex": {
          "version": "7.0.3",
          "resolved": "https://registry.npm.taobao.org/emoji-regex/download/emoji-regex-7.0.3.tgz",
          "integrity": "sha1-kzoEBShgyF6DwSJHnEdIqOTHIVY="
        },
        "is-fullwidth-code-point": {
          "version": "2.0.0",
          "resolved": "http://registry.npm.taobao.org/is-fullwidth-code-point/download/is-fullwidth-code-point-2.0.0.tgz",
          "integrity": "sha1-o7MKXE8ZkYMWeqq5O+764937ZU8="
        },
        "string-width": {
          "version": "3.1.0",
          "resolved": "https://registry.npm.taobao.org/string-width/download/string-width-3.1.0.tgz",
          "integrity": "sha1-InZ74htirxCBV0MG9prFG2IgOWE=",
          "requires": {
            "emoji-regex": "^7.0.1",
            "is-fullwidth-code-point": "^2.0.0",
            "strip-ansi": "^5.1.0"
          }
        },
        "strip-ansi": {
          "version": "5.2.0",
          "resolved": "https://registry.npm.taobao.org/strip-ansi/download/strip-ansi-5.2.0.tgz",
          "integrity": "sha1-jJpTb+tq/JYr36WxBKUJHBrZwK4=",
          "requires": {
            "ansi-regex": "^4.1.0"
          }
        }
      }
    },
    "ansi-regex": {
      "version": "5.0.0",
      "resolved": "https://registry.npm.taobao.org/ansi-regex/download/ansi-regex-5.0.0.tgz",
      "integrity": "sha1-OIU59VF5vzkznIGvMKZU1p+Hy3U="
    },
    "ansi-styles": {
      "version": "4.2.1",
      "resolved": "https://registry.npm.taobao.org/ansi-styles/download/ansi-styles-4.2.1.tgz",
      "integrity": "sha1-kK51xCTQCNJiTFvynq0xd+v881k=",
      "requires": {
        "@types/color-name": "^1.1.1",
        "color-convert": "^2.0.1"
      }
    },
    "boxen": {
      "version": "4.2.0",
      "resolved": "https://registry.npm.taobao.org/boxen/download/boxen-4.2.0.tgz?cache=0&sync_timestamp=1575618288662&other_urls=https%3A%2F%2Fregistry.npm.taobao.org%2Fboxen%2Fdownload%2Fboxen-4.2.0.tgz",
      "integrity": "sha1-5BG2I1fW1tNlh8isPV2XTaoHDmQ=",
      "requires": {
        "ansi-align": "^3.0.0",
        "camelcase": "^5.3.1",
        "chalk": "^3.0.0",
        "cli-boxes": "^2.2.0",
        "string-width": "^4.1.0",
        "term-size": "^2.1.0",
        "type-fest": "^0.8.1",
        "widest-line": "^3.1.0"
      }
    },
    "camelcase": {
      "version": "5.3.1",
      "resolved": "http://registry.npm.taobao.org/camelcase/download/camelcase-5.3.1.tgz",
      "integrity": "sha1-48mzFWnhBoEd8kL3FXJaH0xJQyA="
    },
    "chalk": {
      "version": "3.0.0",
      "resolved": "https://registry.npm.taobao.org/chalk/download/chalk-3.0.0.tgz?cache=0&sync_timestamp=1573282918610&other_urls=https%3A%2F%2Fregistry.npm.taobao.org%2Fchalk%2Fdownload%2Fchalk-3.0.0.tgz",
      "integrity": "sha1-P3PCv1JlkfV0zEksUeJFY0n4ROQ=",
      "requires": {
        "ansi-styles": "^4.1.0",
        "supports-color": "^7.1.0"
      }
    },
    "cli-boxes": {
      "version": "2.2.0",
      "resolved": "https://registry.npm.taobao.org/cli-boxes/download/cli-boxes-2.2.0.tgz",
      "integrity": "sha1-U47K6PnGylCOPDyVtFP+k8tMFo0="
    },
    "color-convert": {
      "version": "2.0.1",
      "resolved": "https://registry.npm.taobao.org/color-convert/download/color-convert-2.0.1.tgz",
      "integrity": "sha1-ctOmjVmMm9s68q0ehPIdiWq9TeM=",
      "requires": {
        "color-name": "~1.1.4"
      }
    },
    "color-name": {
      "version": "1.1.4",
      "resolved": "http://registry.npm.taobao.org/color-name/download/color-name-1.1.4.tgz",
      "integrity": "sha1-wqCah6y95pVD3m9j+jmVyCbFNqI="
    },
    "commander": {
      "version": "4.1.0",
      "resolved": "https://registry.npm.taobao.org/commander/download/commander-4.1.0.tgz?cache=0&sync_timestamp=1578302367152&other_urls=https%3A%2F%2Fregistry.npm.taobao.org%2Fcommander%2Fdownload%2Fcommander-4.1.0.tgz",
      "integrity": "sha1-VFmDoGA/5CW8Zy1myePInEISGoM="
    },
    "emoji-regex": {
      "version": "8.0.0",
      "resolved": "https://registry.npm.taobao.org/emoji-regex/download/emoji-regex-8.0.0.tgz",
      "integrity": "sha1-6Bj9ac5cz8tARZT4QpY79TFkzDc="
    },
    "has-flag": {
      "version": "4.0.0",
      "resolved": "http://registry.npm.taobao.org/has-flag/download/has-flag-4.0.0.tgz",
      "integrity": "sha1-lEdx/ZyByBJlxNaUGGDaBrtZR5s="
    },
    "is-fullwidth-code-point": {
      "version": "3.0.0",
      "resolved": "http://registry.npm.taobao.org/is-fullwidth-code-point/download/is-fullwidth-code-point-3.0.0.tgz",
      "integrity": "sha1-8Rb4Bk/pCz94RKOJl8C3UFEmnx0="
    },
    "kleur": {
      "version": "3.0.3",
      "resolved": "https://registry.npm.taobao.org/kleur/download/kleur-3.0.3.tgz",
      "integrity": "sha1-p5yezIbuHOP6YgbRIWxQHxR/wH4="
    },
    "node-cmd": {
      "version": "3.0.0",
      "resolved": "https://registry.npm.taobao.org/node-cmd/download/node-cmd-3.0.0.tgz",
      "integrity": "sha1-OP/3CkqqT2WdID61eGJzcBjiT28="
    },
    "prompts": {
      "version": "2.3.0",
      "resolved": "https://registry.npm.taobao.org/prompts/download/prompts-2.3.0.tgz?cache=0&sync_timestamp=1573411519291&other_urls=https%3A%2F%2Fregistry.npm.taobao.org%2Fprompts%2Fdownload%2Fprompts-2.3.0.tgz",
      "integrity": "sha1-pETpaPpMx+hmiadAUGhayABsTMQ=",
      "requires": {
        "kleur": "^3.0.3",
        "sisteransi": "^1.0.3"
      }
    },
    "sisteransi": {
      "version": "1.0.4",
      "resolved": "https://registry.npm.taobao.org/sisteransi/download/sisteransi-1.0.4.tgz?cache=0&sync_timestamp=1573411519991&other_urls=https%3A%2F%2Fregistry.npm.taobao.org%2Fsisteransi%2Fdownload%2Fsisteransi-1.0.4.tgz",
      "integrity": "sha1-OGcT8e9ojHwDBNxMBjKJiUHK0uM="
    },
    "string-width": {
      "version": "4.2.0",
      "resolved": "https://registry.npm.taobao.org/string-width/download/string-width-4.2.0.tgz",
      "integrity": "sha1-lSGCxGzHssMT0VluYjmSvRY7crU=",
      "requires": {
        "emoji-regex": "^8.0.0",
        "is-fullwidth-code-point": "^3.0.0",
        "strip-ansi": "^6.0.0"
      }
    },
    "strip-ansi": {
      "version": "6.0.0",
      "resolved": "https://registry.npm.taobao.org/strip-ansi/download/strip-ansi-6.0.0.tgz",
      "integrity": "sha1-CxVx3XZpzNTz4G4U7x7tJiJa5TI=",
      "requires": {
        "ansi-regex": "^5.0.0"
      }
    },
    "supports-color": {
      "version": "7.1.0",
      "resolved": "https://registry.npm.taobao.org/supports-color/download/supports-color-7.1.0.tgz?cache=0&other_urls=https%3A%2F%2Fregistry.npm.taobao.org%2Fsupports-color%2Fdownload%2Fsupports-color-7.1.0.tgz",
      "integrity": "sha1-aOMlkd9z4lrRxLSRCKLsUHliv9E=",
      "requires": {
        "has-flag": "^4.0.0"
      }
    },
    "term-size": {
      "version": "2.1.1",
      "resolved": "https://registry.npm.taobao.org/term-size/download/term-size-2.1.1.tgz",
      "integrity": "sha1-+B7CWFSvkaSA0vnQx3/8smWU7Ro="
    },
    "type-fest": {
      "version": "0.8.1",
      "resolved": "https://registry.npm.taobao.org/type-fest/download/type-fest-0.8.1.tgz",
      "integrity": "sha1-CeJJ696FHTseSNJ8EFREZn8XuD0="
    },
    "widest-line": {
      "version": "3.1.0",
      "resolved": "http://registry.npm.taobao.org/widest-line/download/widest-line-3.1.0.tgz",
      "integrity": "sha1-gpIzO79my0X/DeFgOxNreuFJbso=",
      "requires": {
        "string-width": "^4.0.0"
      }
    }
  }
}
